
Microsoft Visual Studio Solution File, Format Version 12.00
# Visual Studio 15
VisualStudioVersion = 15.0.28307.438
MinimumVisualStudioVersion = 10.0.40219.1
Project("{FAE04EC0-301F-11D3-BF4B-00C04F79EFBC}") = "UpsellManagementSystem", "UpsellManagementSystem\UpsellManagementSystem.csproj", "{9106BC38-6218-491A-93A4-4B7B9DA2B59B}"
EndProject
Global
	GlobalSection(SolutionConfigurationPlatforms) = preSolution
		Debug|Any CPU = Debug|Any CPU
		Release|Any CPU = Release|Any CPU
	EndGlobalSection
	GlobalSection(ProjectConfigurationPlatforms) = postSolution
		{9106BC38-6218-491A-93A4-4B7B9DA2B59B}.Debug|Any CPU.ActiveCfg = Debug|Any CPU
		{9106BC38-6218-491A-93A4-4B7B9DA2B59B}.Debug|Any CPU.Build.0 = Debug|Any CPU
		{9106BC38-6218-491A-93A4-4B7B9DA2B59B}.Release|Any CPU.ActiveCfg = Release|Any CPU
		{9106BC38-6218-491A-93A4-4B7B9DA2B59B}.Release|Any CPU.Build.0 = Release|Any CPU
	EndGlobalSection
	GlobalSection(SolutionProperties) = preSolution
		HideSolutionNode = FALSE
	EndGlobalSection
	GlobalSection(ExtensibilityGlobals) = postSolution
		SolutionGuid = {F865237E-6CFE-4AEA-B115-7433D68900CA}
	EndGlobalSection
EndGlobal
